PODS:
  - common (1.0):
    - WebRTC-SDK (= 137.7151.01)
  - WebRTC-SDK (137.7151.01)

DEPENDENCIES:
  - common (from `../app/common`)
  - WebRTC-SDK (= 137.7151.01)

SPEC REPOS:
  trunk:
    - WebRTC-SDK

EXTERNAL SOURCES:
  common:
    :path: "../app/common"

SPEC CHECKSUMS:
  common: 0b88096d8f48541946f3d2bd18ce93ffd45356d6
  WebRTC-SDK: 250562bd0107ba52c7ae4dcc59f54ca949a050bf

PODFILE CHECKSUM: 65eae0601d55860ef796c1d07b5f04494d502dcc

COCOAPODS: 1.16.2
